// !$*UTF8*$!
{
	archiveVersion = 1;
	classes = {
	};
	objectVersion = 54;
	objects = {

/* Begin PBXBuildFile section */
		2738DBB82B50536F008E4911 /* OperatorOverloadBinding.swift in Sources */ = {isa = PBXBuildFile; fileRef = 2738DBB72B50536F008E4911 /* OperatorOverloadBinding.swift */; };
		2738DBB92B50536F008E4911 /* OperatorOverloadBinding.swift in Sources */ = {isa = PBXBuildFile; fileRef = 2738DBB72B50536F008E4911 /* OperatorOverloadBinding.swift */; };
		2738DBBB2B512BED008E4911 /* Jet32+GCDAsyncUdpSocketDelegate.swift in Sources */ = {isa = PBXBuildFile; fileRef = 2738DBBA2B512BED008E4911 /* Jet32+GCDAsyncUdpSocketDelegate.swift */; };
		2738DBBD2B5141EC008E4911 /* Jet32SyncExample.swift in Sources */ = {isa = PBXBuildFile; fileRef = 2738DBBC2B5141EC008E4911 /* Jet32SyncExample.swift */; };
		2738DBC02B52D745008E4911 /* LaunchScreen.storyboard in Resources */ = {isa = PBXBuildFile; fileRef = 2738DBBF2B52D745008E4911 /* LaunchScreen.storyboard */; };
		2738DBC32B52E52F008E4911 /* TestConnectivityView.swift in Sources */ = {isa = PBXBuildFile; fileRef = 2738DBC22B52E52F008E4911 /* TestConnectivityView.swift */; };
		278999F42B44668F0099D60F /* ShutterList.swift in Sources */ = {isa = PBXBuildFile; fileRef = 278999F32B44668F0099D60F /* ShutterList.swift */; };
		278999F62B4467470099D60F /* ShutterDetailView.swift in Sources */ = {isa = PBXBuildFile; fileRef = 278999F52B4467470099D60F /* ShutterDetailView.swift */; };
		278999F82B4468300099D60F /* PLCView.swift in Sources */ = {isa = PBXBuildFile; fileRef = 278999F72B4468300099D60F /* PLCView.swift */; };
		278999FA2B4468340099D60F /* SettingsView.swift in Sources */ = {isa = PBXBuildFile; fileRef = 278999F92B4468340099D60F /* SettingsView.swift */; };
		278999FB2B449C150099D60F /* ContentView.swift in Sources */ = {isa = PBXBuildFile; fileRef = 27FF57182B4464EC00955FCD /* ContentView.swift */; };
		278999FC2B449C370099D60F /* ShutterList.swift in Sources */ = {isa = PBXBuildFile; fileRef = 278999F32B44668F0099D60F /* ShutterList.swift */; };
		278999FD2B449C3C0099D60F /* ShutterItem.swift in Sources */ = {isa = PBXBuildFile; fileRef = 27FF57242B44662400955FCD /* ShutterItem.swift */; };
		278999FF2B449C8D0099D60F /* PLCView.swift in Sources */ = {isa = PBXBuildFile; fileRef = 278999F72B4468300099D60F /* PLCView.swift */; };
		27899A002B449D010099D60F /* ShutterDetailView.swift in Sources */ = {isa = PBXBuildFile; fileRef = 278999F52B4467470099D60F /* ShutterDetailView.swift */; };
		27899A012B449D960099D60F /* ShutterListView.swift in Sources */ = {isa = PBXBuildFile; fileRef = 27FF57222B4465FA00955FCD /* ShutterListView.swift */; };
		2798AA342B3C481F001F6258 /* WatchHomeControlApp.swift in Sources */ = {isa = PBXBuildFile; fileRef = 2798AA332B3C481F001F6258 /* WatchHomeControlApp.swift */; };
		2798AA382B3C4821001F6258 /* Assets.xcassets in Resources */ = {isa = PBXBuildFile; fileRef = 2798AA372B3C4821001F6258 /* Assets.xcassets */; };
		2798AA3B2B3C4821001F6258 /* Preview Assets.xcassets in Resources */ = {isa = PBXBuildFile; fileRef = 2798AA3A2B3C4821001F6258 /* Preview Assets.xcassets */; };
		2798AA452B3C4821001F6258 /* WatchHomeControl_Watch_AppTests.swift in Sources */ = {isa = PBXBuildFile; fileRef = 2798AA442B3C4821001F6258 /* WatchHomeControl_Watch_AppTests.swift */; };
		2798AA4F2B3C4821001F6258 /* WatchHomeControl_Watch_AppUITests.swift in Sources */ = {isa = PBXBuildFile; fileRef = 2798AA4E2B3C4821001F6258 /* WatchHomeControl_Watch_AppUITests.swift */; };
		2798AA512B3C4821001F6258 /* WatchHomeControl_Watch_AppUITestsLaunchTests.swift in Sources */ = {isa = PBXBuildFile; fileRef = 2798AA502B3C4821001F6258 /* WatchHomeControl_Watch_AppUITestsLaunchTests.swift */; };
		27A115202B44BEA900DF9B9E /* GCDAsyncSocket.m in Sources */ = {isa = PBXBuildFile; fileRef = 27A1151C2B44BEA900DF9B9E /* GCDAsyncSocket.m */; settings = {COMPILER_FLAGS = "-w"; }; };
		27A115212B44BEA900DF9B9E /* GCDAsyncUdpSocket.m in Sources */ = {isa = PBXBuildFile; fileRef = 27A1151E2B44BEA900DF9B9E /* GCDAsyncUdpSocket.m */; settings = {COMPILER_FLAGS = "-w"; }; };
		27CE5D432B4D477E00DE5297 /* UserSettings.swift in Sources */ = {isa = PBXBuildFile; fileRef = 27CE5D422B4D477E00DE5297 /* UserSettings.swift */; };
		27CE5D452B4D4B8E00DE5297 /* appDefaults.plist in Resources */ = {isa = PBXBuildFile; fileRef = 27CE5D442B4D4B8E00DE5297 /* appDefaults.plist */; };
		27CE5D472B4D4D9700DE5297 /* StatusView.swift in Sources */ = {isa = PBXBuildFile; fileRef = 27CE5D462B4D4D9700DE5297 /* StatusView.swift */; };
		27CE5D482B4D4D9700DE5297 /* StatusView.swift in Sources */ = {isa = PBXBuildFile; fileRef = 27CE5D462B4D4D9700DE5297 /* StatusView.swift */; };
		27CE5D4B2B4D63ED00DE5297 /* View+hideKeyboard.swift in Sources */ = {isa = PBXBuildFile; fileRef = 27CE5D492B4D63ED00DE5297 /* View+hideKeyboard.swift */; };
		27D48A6D2B45BFCB00572FA1 /* Data+hexEncodedString.swift in Sources */ = {isa = PBXBuildFile; fileRef = 27D48A652B45BFCB00572FA1 /* Data+hexEncodedString.swift */; };
		27D48A6E2B45BFCB00572FA1 /* Jet32Delegate.swift in Sources */ = {isa = PBXBuildFile; fileRef = 27D48A662B45BFCB00572FA1 /* Jet32Delegate.swift */; };
		27D48A6F2B45BFCB00572FA1 /* PlcDataAccessibleDelegate.swift in Sources */ = {isa = PBXBuildFile; fileRef = 27D48A672B45BFCB00572FA1 /* PlcDataAccessibleDelegate.swift */; };
		27D48A702B45BFCB00572FA1 /* Jet32+PlcDataAccessibleProtocol.swift in Sources */ = {isa = PBXBuildFile; fileRef = 27D48A682B45BFCB00572FA1 /* Jet32+PlcDataAccessibleProtocol.swift */; };
		27D48A712B45BFCB00572FA1 /* Jet32GlobalVariables.swift in Sources */ = {isa = PBXBuildFile; fileRef = 27D48A692B45BFCB00572FA1 /* Jet32GlobalVariables.swift */; };
		27D48A722B45BFCB00572FA1 /* PlcDataAccessibleProtocol.swift in Sources */ = {isa = PBXBuildFile; fileRef = 27D48A6A2B45BFCB00572FA1 /* PlcDataAccessibleProtocol.swift */; };
		27D48A732B45BFCB00572FA1 /* Jet32DataTelegram.swift in Sources */ = {isa = PBXBuildFile; fileRef = 27D48A6B2B45BFCB00572FA1 /* Jet32DataTelegram.swift */; };
		27D48A742B45BFCB00572FA1 /* PlcDataAccessEntry.swift in Sources */ = {isa = PBXBuildFile; fileRef = 27D48A6C2B45BFCB00572FA1 /* PlcDataAccessEntry.swift */; };
		27D48A762B45C10E00572FA1 /* Jet32.swift in Sources */ = {isa = PBXBuildFile; fileRef = 27D48A752B45C10E00572FA1 /* Jet32.swift */; };
		27D48A7F2B45DB8100572FA1 /* View+onViewDidLoad.swift in Sources */ = {isa = PBXBuildFile; fileRef = 27D48A7E2B45DB8100572FA1 /* View+onViewDidLoad.swift */; };
		27D48A802B45DB8600572FA1 /* View+onViewDidLoad.swift in Sources */ = {isa = PBXBuildFile; fileRef = 27D48A7E2B45DB8100572FA1 /* View+onViewDidLoad.swift */; };
		27D48A822B46E14100572FA1 /* PlcComMgr.swift in Sources */ = {isa = PBXBuildFile; fileRef = 27D48A812B46E14100572FA1 /* PlcComMgr.swift */; };
		27D48A832B46E14100572FA1 /* PlcComMgr.swift in Sources */ = {isa = PBXBuildFile; fileRef = 27D48A812B46E14100572FA1 /* PlcComMgr.swift */; };
		27D48A842B46E21300572FA1 /* PlcDataAccessibleProtocol.swift in Sources */ = {isa = PBXBuildFile; fileRef = 27D48A6A2B45BFCB00572FA1 /* PlcDataAccessibleProtocol.swift */; };
		27D48A852B46E25200572FA1 /* PlcDataAccessibleDelegate.swift in Sources */ = {isa = PBXBuildFile; fileRef = 27D48A672B45BFCB00572FA1 /* PlcDataAccessibleDelegate.swift */; };
		27D48A872B46EA8F00572FA1 /* Jet32Watch.swift in Sources */ = {isa = PBXBuildFile; fileRef = 27D48A862B46EA8F00572FA1 /* Jet32Watch.swift */; };
		27D48A882B47464500572FA1 /* Jet32GlobalVariables.swift in Sources */ = {isa = PBXBuildFile; fileRef = 27D48A692B45BFCB00572FA1 /* Jet32GlobalVariables.swift */; };
		27D48A892B4746DE00572FA1 /* Jet32Delegate.swift in Sources */ = {isa = PBXBuildFile; fileRef = 27D48A662B45BFCB00572FA1 /* Jet32Delegate.swift */; };
		27D48A8C2B481E1F00572FA1 /* HomeControlW.app in Embed Watch Content */ = {isa = PBXBuildFile; fileRef = 2798AA312B3C481F001F6258 /* HomeControlW.app */; settings = {ATTRIBUTES = (RemoveHeadersOnCopy, ); }; };
		27D48A912B48264100572FA1 /* Connectivity.swift in Sources */ = {isa = PBXBuildFile; fileRef = 27D48A902B48264100572FA1 /* Connectivity.swift */; };
		27D48A922B48264100572FA1 /* Connectivity.swift in Sources */ = {isa = PBXBuildFile; fileRef = 27D48A902B48264100572FA1 /* Connectivity.swift */; };
		27D48A942B482BC200572FA1 /* Delivery.swift in Sources */ = {isa = PBXBuildFile; fileRef = 27D48A932B482BC200572FA1 /* Delivery.swift */; };
		27D48A952B482BC200572FA1 /* Delivery.swift in Sources */ = {isa = PBXBuildFile; fileRef = 27D48A932B482BC200572FA1 /* Delivery.swift */; };
		27D48A9A2B485D7500572FA1 /* HomeControlControllerTag.swift in Sources */ = {isa = PBXBuildFile; fileRef = 27D48A992B485D7500572FA1 /* HomeControlControllerTag.swift */; };
		27D48A9B2B485D7500572FA1 /* HomeControlControllerTag.swift in Sources */ = {isa = PBXBuildFile; fileRef = 27D48A992B485D7500572FA1 /* HomeControlControllerTag.swift */; };
		27FF57172B4464EC00955FCD /* HomeControl2App.swift in Sources */ = {isa = PBXBuildFile; fileRef = 27FF57162B4464EC00955FCD /* HomeControl2App.swift */; };
		27FF57192B4464EC00955FCD /* ContentView.swift in Sources */ = {isa = PBXBuildFile; fileRef = 27FF57182B4464EC00955FCD /* ContentView.swift */; };
		27FF571B2B4464EE00955FCD /* Assets.xcassets in Resources */ = {isa = PBXBuildFile; fileRef = 27FF571A2B4464EE00955FCD /* Assets.xcassets */; };
		27FF571E2B4464EE00955FCD /* Preview Assets.xcassets in Resources */ = {isa = PBXBuildFile; fileRef = 27FF571D2B4464EE00955FCD /* Preview Assets.xcassets */; };
		27FF57232B4465FA00955FCD /* ShutterListView.swift in Sources */ = {isa = PBXBuildFile; fileRef = 27FF57222B4465FA00955FCD /* ShutterListView.swift */; };
		27FF57252B44662400955FCD /* ShutterItem.swift in Sources */ = {isa = PBXBuildFile; fileRef = 27FF57242B44662400955FCD /* ShutterItem.swift */; };
/* End PBXBuildFile section */

/* Begin PBXContainerItemProxy section */
		2738DBB52B4E9273008E4911 /* PBXContainerItemProxy */ = {
			isa = PBXContainerItemProxy;
			containerPortal = 27C8768C1EE8450A00CD4A3F /* Project object */;
			proxyType = 1;
			remoteGlobalIDString = 2798AA302B3C481F001F6258;
			remoteInfo = "WatchHomeControl Watch App";
		};
		2798AA412B3C4821001F6258 /* PBXContainerItemProxy */ = {
			isa = PBXContainerItemProxy;
			containerPortal = 27C8768C1EE8450A00CD4A3F /* Project object */;
			proxyType = 1;
			remoteGlobalIDString = 2798AA302B3C481F001F6258;
			remoteInfo = "WatchHomeControl Watch App";
		};
		2798AA4B2B3C4821001F6258 /* PBXContainerItemProxy */ = {
			isa = PBXContainerItemProxy;
			containerPortal = 27C8768C1EE8450A00CD4A3F /* Project object */;
			proxyType = 1;
			remoteGlobalIDString = 2798AA302B3C481F001F6258;
			remoteInfo = "WatchHomeControl Watch App";
		};
/* End PBXContainerItemProxy section */

/* Begin PBXCopyFilesBuildPhase section */
		27D48A8F2B481E1F00572FA1 /* Embed Watch Content */ = {
			isa = PBXCopyFilesBuildPhase;
			buildActionMask = 2147483647;
			dstPath = "$(CONTENTS_FOLDER_PATH)/Watch";
			dstSubfolderSpec = 16;
			files = (
				27D48A8C2B481E1F00572FA1 /* HomeControlW.app in Embed Watch Content */,
			);
			name = "Embed Watch Content";
			runOnlyForDeploymentPostprocessing = 0;
		};
/* End PBXCopyFilesBuildPhase section */

/* Begin PBXFileReference section */
		2738DBB72B50536F008E4911 /* OperatorOverloadBinding.swift */ = {isa = PBXFileReference; lastKnownFileType = sourcecode.swift; path = OperatorOverloadBinding.swift; sourceTree = "<group>"; };
		2738DBBA2B512BED008E4911 /* Jet32+GCDAsyncUdpSocketDelegate.swift */ = {isa = PBXFileReference; lastKnownFileType = sourcecode.swift; path = "Jet32+GCDAsyncUdpSocketDelegate.swift"; sourceTree = "<group>"; };
		2738DBBC2B5141EC008E4911 /* Jet32SyncExample.swift */ = {isa = PBXFileReference; lastKnownFileType = sourcecode.swift; path = Jet32SyncExample.swift; sourceTree = "<group>"; };
		2738DBBE2B5148D4008E4911 /* HomeControlIcon.png */ = {isa = PBXFileReference; lastKnownFileType = image.png; path = HomeControlIcon.png; sourceTree = "<group>"; };
		2738DBBF2B52D745008E4911 /* LaunchScreen.storyboard */ = {isa = PBXFileReference; lastKnownFileType = file.storyboard; path = LaunchScreen.storyboard; sourceTree = "<group>"; };
		2738DBC22B52E52F008E4911 /* TestConnectivityView.swift */ = {isa = PBXFileReference; lastKnownFileType = sourcecode.swift; path = TestConnectivityView.swift; sourceTree = "<group>"; };
		278999F32B44668F0099D60F /* ShutterList.swift */ = {isa = PBXFileReference; lastKnownFileType = sourcecode.swift; path = ShutterList.swift; sourceTree = "<group>"; };
		278999F52B4467470099D60F /* ShutterDetailView.swift */ = {isa = PBXFileReference; lastKnownFileType = sourcecode.swift; path = ShutterDetailView.swift; sourceTree = "<group>"; tabWidth = 4; };
		278999F72B4468300099D60F /* PLCView.swift */ = {isa = PBXFileReference; lastKnownFileType = sourcecode.swift; path = PLCView.swift; sourceTree = "<group>"; };
		278999F92B4468340099D60F /* SettingsView.swift */ = {isa = PBXFileReference; lastKnownFileType = sourcecode.swift; path = SettingsView.swift; sourceTree = "<group>"; };
		2798AA312B3C481F001F6258 /* HomeControlW.app */ = {isa = PBXFileReference; explicitFileType = wrapper.application; includeInIndex = 0; path = HomeControlW.app; sourceTree = BUILT_PRODUCTS_DIR; };
		2798AA332B3C481F001F6258 /* WatchHomeControlApp.swift */ = {isa = PBXFileReference; lastKnownFileType = sourcecode.swift; path = WatchHomeControlApp.swift; sourceTree = "<group>"; };
		2798AA372B3C4821001F6258 /* Assets.xcassets */ = {isa = PBXFileReference; lastKnownFileType = folder.assetcatalog; path = Assets.xcassets; sourceTree = "<group>"; };
		2798AA3A2B3C4821001F6258 /* Preview Assets.xcassets */ = {isa = PBXFileReference; lastKnownFileType = folder.assetcatalog; path = "Preview Assets.xcassets"; sourceTree = "<group>"; };
		2798AA402B3C4821001F6258 /* WatchHomeControl Watch AppTests.xctest */ = {isa = PBXFileReference; explicitFileType = wrapper.cfbundle; includeInIndex = 0; path = "WatchHomeControl Watch AppTests.xctest"; sourceTree = BUILT_PRODUCTS_DIR; };
		2798AA442B3C4821001F6258 /* WatchHomeControl_Watch_AppTests.swift */ = {isa = PBXFileReference; lastKnownFileType = sourcecode.swift; path = WatchHomeControl_Watch_AppTests.swift; sourceTree = "<group>"; };
		2798AA4A2B3C4821001F6258 /* WatchHomeControl Watch AppUITests.xctest */ = {isa = PBXFileReference; explicitFileType = wrapper.cfbundle; includeInIndex = 0; path = "WatchHomeControl Watch AppUITests.xctest"; sourceTree = BUILT_PRODUCTS_DIR; };
		2798AA4E2B3C4821001F6258 /* WatchHomeControl_Watch_AppUITests.swift */ = {isa = PBXFileReference; lastKnownFileType = sourcecode.swift; path = WatchHomeControl_Watch_AppUITests.swift; sourceTree = "<group>"; };
		2798AA502B3C4821001F6258 /* WatchHomeControl_Watch_AppUITestsLaunchTests.swift */ = {isa = PBXFileReference; lastKnownFileType = sourcecode.swift; path = WatchHomeControl_Watch_AppUITestsLaunchTests.swift; sourceTree = "<group>"; };
		27A1151B2B44BEA900DF9B9E /* GCDAsyncSocket.h */ = {isa = PBXFileReference; fileEncoding = 4; lastKnownFileType = sourcecode.c.h; path = GCDAsyncSocket.h; sourceTree = "<group>"; };
		27A1151C2B44BEA900DF9B9E /* GCDAsyncSocket.m */ = {isa = PBXFileReference; fileEncoding = 4; lastKnownFileType = sourcecode.c.objc; path = GCDAsyncSocket.m; sourceTree = "<group>"; };
		27A1151D2B44BEA900DF9B9E /* GCDAsyncUdpSocket.h */ = {isa = PBXFileReference; fileEncoding = 4; lastKnownFileType = sourcecode.c.h; path = GCDAsyncUdpSocket.h; sourceTree = "<group>"; };
		27A1151E2B44BEA900DF9B9E /* GCDAsyncUdpSocket.m */ = {isa = PBXFileReference; fileEncoding = 4; lastKnownFileType = sourcecode.c.objc; path = GCDAsyncUdpSocket.m; sourceTree = "<group>"; };
		27A1151F2B44BEA900DF9B9E /* HomeControl-Bridging-Header.h */ = {isa = PBXFileReference; fileEncoding = 4; lastKnownFileType = sourcecode.c.h; path = "HomeControl-Bridging-Header.h"; sourceTree = "<group>"; };
		27CE5D422B4D477E00DE5297 /* UserSettings.swift */ = {isa = PBXFileReference; lastKnownFileType = sourcecode.swift; path = UserSettings.swift; sourceTree = "<group>"; };
		27CE5D442B4D4B8E00DE5297 /* appDefaults.plist */ = {isa = PBXFileReference; fileEncoding = 4; lastKnownFileType = text.plist.xml; path = appDefaults.plist; sourceTree = "<group>"; };
		27CE5D462B4D4D9700DE5297 /* StatusView.swift */ = {isa = PBXFileReference; lastKnownFileType = sourcecode.swift; path = StatusView.swift; sourceTree = "<group>"; };
		27CE5D492B4D63ED00DE5297 /* View+hideKeyboard.swift */ = {isa = PBXFileReference; lastKnownFileType = sourcecode.swift; path = "View+hideKeyboard.swift"; sourceTree = "<group>"; };
		27D48A652B45BFCB00572FA1 /* Data+hexEncodedString.swift */ = {isa = PBXFileReference; fileEncoding = 4; lastKnownFileType = sourcecode.swift; path = "Data+hexEncodedString.swift"; sourceTree = "<group>"; };
		27D48A662B45BFCB00572FA1 /* Jet32Delegate.swift */ = {isa = PBXFileReference; fileEncoding = 4; lastKnownFileType = sourcecode.swift; path = Jet32Delegate.swift; sourceTree = "<group>"; };
		27D48A672B45BFCB00572FA1 /* PlcDataAccessibleDelegate.swift */ = {isa = PBXFileReference; fileEncoding = 4; lastKnownFileType = sourcecode.swift; path = PlcDataAccessibleDelegate.swift; sourceTree = "<group>"; };
		27D48A682B45BFCB00572FA1 /* Jet32+PlcDataAccessibleProtocol.swift */ = {isa = PBXFileReference; fileEncoding = 4; lastKnownFileType = sourcecode.swift; path = "Jet32+PlcDataAccessibleProtocol.swift"; sourceTree = "<group>"; };
		27D48A692B45BFCB00572FA1 /* Jet32GlobalVariables.swift */ = {isa = PBXFileReference; fileEncoding = 4; lastKnownFileType = sourcecode.swift; path = Jet32GlobalVariables.swift; sourceTree = "<group>"; };
		27D48A6A2B45BFCB00572FA1 /* PlcDataAccessibleProtocol.swift */ = {isa = PBXFileReference; fileEncoding = 4; lastKnownFileType = sourcecode.swift; path = PlcDataAccessibleProtocol.swift; sourceTree = "<group>"; };
		27D48A6B2B45BFCB00572FA1 /* Jet32DataTelegram.swift */ = {isa = PBXFileReference; fileEncoding = 4; lastKnownFileType = sourcecode.swift; path = Jet32DataTelegram.swift; sourceTree = "<group>"; };
		27D48A6C2B45BFCB00572FA1 /* PlcDataAccessEntry.swift */ = {isa = PBXFileReference; fileEncoding = 4; lastKnownFileType = sourcecode.swift; path = PlcDataAccessEntry.swift; sourceTree = "<group>"; };
		27D48A752B45C10E00572FA1 /* Jet32.swift */ = {isa = PBXFileReference; fileEncoding = 4; lastKnownFileType = sourcecode.swift; path = Jet32.swift; sourceTree = "<group>"; };
		27D48A7E2B45DB8100572FA1 /* View+onViewDidLoad.swift */ = {isa = PBXFileReference; fileEncoding = 4; lastKnownFileType = sourcecode.swift; path = "View+onViewDidLoad.swift"; sourceTree = "<group>"; };
		27D48A812B46E14100572FA1 /* PlcComMgr.swift */ = {isa = PBXFileReference; lastKnownFileType = sourcecode.swift; path = PlcComMgr.swift; sourceTree = "<group>"; };
		27D48A862B46EA8F00572FA1 /* Jet32Watch.swift */ = {isa = PBXFileReference; lastKnownFileType = sourcecode.swift; path = Jet32Watch.swift; sourceTree = "<group>"; };
		27D48A902B48264100572FA1 /* Connectivity.swift */ = {isa = PBXFileReference; lastKnownFileType = sourcecode.swift; path = Connectivity.swift; sourceTree = "<group>"; };
		27D48A932B482BC200572FA1 /* Delivery.swift */ = {isa = PBXFileReference; lastKnownFileType = sourcecode.swift; path = Delivery.swift; sourceTree = "<group>"; };
		27D48A992B485D7500572FA1 /* HomeControlControllerTag.swift */ = {isa = PBXFileReference; lastKnownFileType = sourcecode.swift; path = HomeControlControllerTag.swift; sourceTree = "<group>"; };
		27D48B162B4C4CD900572FA1 /* TODO.rtf */ = {isa = PBXFileReference; fileEncoding = 4; lastKnownFileType = text.rtf; path = TODO.rtf; sourceTree = "<group>"; };
		27D48B172B4C4CD900572FA1 /* license.txt */ = {isa = PBXFileReference; fileEncoding = 4; lastKnownFileType = text; path = license.txt; sourceTree = "<group>"; };
		27FF57142B4464EC00955FCD /* HomeControl.app */ = {isa = PBXFileReference; explicitFileType = wrapper.application; includeInIndex = 0; path = HomeControl.app; sourceTree = BUILT_PRODUCTS_DIR; };
		27FF57162B4464EC00955FCD /* HomeControl2App.swift */ = {isa = PBXFileReference; lastKnownFileType = sourcecode.swift; path = HomeControl2App.swift; sourceTree = "<group>"; };
		27FF57182B4464EC00955FCD /* ContentView.swift */ = {isa = PBXFileReference; lastKnownFileType = sourcecode.swift; path = ContentView.swift; sourceTree = "<group>"; };
		27FF571A2B4464EE00955FCD /* Assets.xcassets */ = {isa = PBXFileReference; lastKnownFileType = folder.assetcatalog; path = Assets.xcassets; sourceTree = "<group>"; };
		27FF571D2B4464EE00955FCD /* Preview Assets.xcassets */ = {isa = PBXFileReference; lastKnownFileType = folder.assetcatalog; path = "Preview Assets.xcassets"; sourceTree = "<group>"; };
		27FF57222B4465FA00955FCD /* ShutterListView.swift */ = {isa = PBXFileReference; lastKnownFileType = sourcecode.swift; path = ShutterListView.swift; sourceTree = "<group>"; };
		27FF57242B44662400955FCD /* ShutterItem.swift */ = {isa = PBXFileReference; lastKnownFileType = sourcecode.swift; path = ShutterItem.swift; sourceTree = "<group>"; };
/* End PBXFileReference section */

/* Begin PBXFrameworksBuildPhase section */
		2798AA2E2B3C481F001F6258 /* Frameworks */ = {
			isa = PBXFrameworksBuildPhase;
			buildActionMask = 2147483647;
			files = (
			);
			runOnlyForDeploymentPostprocessing = 0;
		};
		2798AA3D2B3C4821001F6258 /* Frameworks */ = {
			isa = PBXFrameworksBuildPhase;
			buildActionMask = 2147483647;
			files = (
			);
			runOnlyForDeploymentPostprocessing = 0;
		};
		2798AA472B3C4821001F6258 /* Frameworks */ = {
			isa = PBXFrameworksBuildPhase;
			buildActionMask = 2147483647;
			files = (
			);
			runOnlyForDeploymentPostprocessing = 0;
		};
		27FF57112B4464EC00955FCD /* Frameworks */ = {
			isa = PBXFrameworksBuildPhase;
			buildActionMask = 2147483647;
			files = (
			);
			runOnlyForDeploymentPostprocessing = 0;
		};
/* End PBXFrameworksBuildPhase section */

/* Begin PBXGroup section */
		2798AA322B3C481F001F6258 /* WatchHomeControl Watch App */ = {
			isa = PBXGroup;
			children = (
				27D48A862B46EA8F00572FA1 /* Jet32Watch.swift */,
				2798AA332B3C481F001F6258 /* WatchHomeControlApp.swift */,
				2798AA372B3C4821001F6258 /* Assets.xcassets */,
				2798AA392B3C4821001F6258 /* Preview Content */,
				2738DBC22B52E52F008E4911 /* TestConnectivityView.swift */,
			);
			path = "WatchHomeControl Watch App";
			sourceTree = "<group>";
		};
		2798AA392B3C4821001F6258 /* Preview Content */ = {
			isa = PBXGroup;
			children = (
				2798AA3A2B3C4821001F6258 /* Preview Assets.xcassets */,
			);
			path = "Preview Content";
			sourceTree = "<group>";
		};
		2798AA432B3C4821001F6258 /* WatchHomeControl Watch AppTests */ = {
			isa = PBXGroup;
			children = (
				2798AA442B3C4821001F6258 /* WatchHomeControl_Watch_AppTests.swift */,
			);
			path = "WatchHomeControl Watch AppTests";
			sourceTree = "<group>";
		};
		2798AA4D2B3C4821001F6258 /* WatchHomeControl Watch AppUITests */ = {
			isa = PBXGroup;
			children = (
				2798AA4E2B3C4821001F6258 /* WatchHomeControl_Watch_AppUITests.swift */,
				2798AA502B3C4821001F6258 /* WatchHomeControl_Watch_AppUITestsLaunchTests.swift */,
			);
			path = "WatchHomeControl Watch AppUITests";
			sourceTree = "<group>";
		};
		27A1152A2B44BF1900DF9B9E /* Socket */ = {
			isa = PBXGroup;
			children = (
				27A1151B2B44BEA900DF9B9E /* GCDAsyncSocket.h */,
				27A1151C2B44BEA900DF9B9E /* GCDAsyncSocket.m */,
				27A1151D2B44BEA900DF9B9E /* GCDAsyncUdpSocket.h */,
				27A1151E2B44BEA900DF9B9E /* GCDAsyncUdpSocket.m */,
				27A1151F2B44BEA900DF9B9E /* HomeControl-Bridging-Header.h */,
			);
			path = Socket;
			sourceTree = "<group>";
		};
		27B76E6F2B4E8BD600AFE5DC /* Jet32 */ = {
			isa = PBXGroup;
			children = (
				27D48A692B45BFCB00572FA1 /* Jet32GlobalVariables.swift */,
				27D48A992B485D7500572FA1 /* HomeControlControllerTag.swift */,
				27D48A6A2B45BFCB00572FA1 /* PlcDataAccessibleProtocol.swift */,
				27D48A672B45BFCB00572FA1 /* PlcDataAccessibleDelegate.swift */,
				27D48A662B45BFCB00572FA1 /* Jet32Delegate.swift */,
			);
			path = Jet32;
			sourceTree = "<group>";
		};
		27C8768B1EE8450A00CD4A3F = {
			isa = PBXGroup;
			children = (
				27D48A8A2B481D3000572FA1 /* Shared */,
				2798AA322B3C481F001F6258 /* WatchHomeControl Watch App */,
				2798AA432B3C4821001F6258 /* WatchHomeControl Watch AppTests */,
				2798AA4D2B3C4821001F6258 /* WatchHomeControl Watch AppUITests */,
				27FF57152B4464EC00955FCD /* HomeControl */,
				27C876951EE8450A00CD4A3F /* Products */,
				27D48A8B2B481E1F00572FA1 /* Frameworks */,
				27D48B172B4C4CD900572FA1 /* license.txt */,
				27D48B162B4C4CD900572FA1 /* TODO.rtf */,
				2738DBBE2B5148D4008E4911 /* HomeControlIcon.png */,
			);
			sourceTree = "<group>";
		};
		27C876951EE8450A00CD4A3F /* Products */ = {
			isa = PBXGroup;
			children = (
				2798AA312B3C481F001F6258 /* HomeControlW.app */,
				2798AA402B3C4821001F6258 /* WatchHomeControl Watch AppTests.xctest */,
				2798AA4A2B3C4821001F6258 /* WatchHomeControl Watch AppUITests.xctest */,
				27FF57142B4464EC00955FCD /* HomeControl.app */,
			);
			name = Products;
			sourceTree = "<group>";
		};
		27CE5D4C2B4D64E000DE5297 /* Extensions */ = {
			isa = PBXGroup;
			children = (
				27CE5D492B4D63ED00DE5297 /* View+hideKeyboard.swift */,
			);
			path = Extensions;
			sourceTree = "<group>";
		};
		27D48A542B45BF6300572FA1 /* Jet32 */ = {
			isa = PBXGroup;
			children = (
				27D48A752B45C10E00572FA1 /* Jet32.swift */,
				2738DBBA2B512BED008E4911 /* Jet32+GCDAsyncUdpSocketDelegate.swift */,
				27D48A682B45BFCB00572FA1 /* Jet32+PlcDataAccessibleProtocol.swift */,
				27D48A652B45BFCB00572FA1 /* Data+hexEncodedString.swift */,
				27D48A6B2B45BFCB00572FA1 /* Jet32DataTelegram.swift */,
				27D48A6C2B45BFCB00572FA1 /* PlcDataAccessEntry.swift */,
				2738DBBC2B5141EC008E4911 /* Jet32SyncExample.swift */,
			);
			path = Jet32;
			sourceTree = "<group>";
		};
		27D48A7D2B45DB2B00572FA1 /* Extensions */ = {
			isa = PBXGroup;
			children = (
				27D48A7E2B45DB8100572FA1 /* View+onViewDidLoad.swift */,
				2738DBB72B50536F008E4911 /* OperatorOverloadBinding.swift */,
			);
			path = Extensions;
			sourceTree = "<group>";
		};
		27D48A8A2B481D3000572FA1 /* Shared */ = {
			isa = PBXGroup;
			children = (
				27B76E6F2B4E8BD600AFE5DC /* Jet32 */,
				27D48A7D2B45DB2B00572FA1 /* Extensions */,
				27FF57182B4464EC00955FCD /* ContentView.swift */,
				27FF57242B44662400955FCD /* ShutterItem.swift */,
				27FF57222B4465FA00955FCD /* ShutterListView.swift */,
				278999F32B44668F0099D60F /* ShutterList.swift */,
				278999F52B4467470099D60F /* ShutterDetailView.swift */,
				278999F72B4468300099D60F /* PLCView.swift */,
				27D48A812B46E14100572FA1 /* PlcComMgr.swift */,
				27D48A902B48264100572FA1 /* Connectivity.swift */,
				27D48A932B482BC200572FA1 /* Delivery.swift */,
				27CE5D462B4D4D9700DE5297 /* StatusView.swift */,
			);
			path = Shared;
			sourceTree = "<group>";
		};
		27D48A8B2B481E1F00572FA1 /* Frameworks */ = {
			isa = PBXGroup;
			children = (
			);
			name = Frameworks;
			sourceTree = "<group>";
		};
		27FF57152B4464EC00955FCD /* HomeControl */ = {
			isa = PBXGroup;
			children = (
				27CE5D4C2B4D64E000DE5297 /* Extensions */,
				27D48A542B45BF6300572FA1 /* Jet32 */,
				27A1152A2B44BF1900DF9B9E /* Socket */,
				27FF57162B4464EC00955FCD /* HomeControl2App.swift */,
				278999F92B4468340099D60F /* SettingsView.swift */,
				27CE5D422B4D477E00DE5297 /* UserSettings.swift */,
				27FF571A2B4464EE00955FCD /* Assets.xcassets */,
				27FF571C2B4464EE00955FCD /* Preview Content */,
				27CE5D442B4D4B8E00DE5297 /* appDefaults.plist */,
				2738DBBF2B52D745008E4911 /* LaunchScreen.storyboard */,
			);
			path = HomeControl;
			sourceTree = "<group>";
		};
		27FF571C2B4464EE00955FCD /* Preview Content */ = {
			isa = PBXGroup;
			children = (
				27FF571D2B4464EE00955FCD /* Preview Assets.xcassets */,
			);
			path = "Preview Content";
			sourceTree = "<group>";
		};
/* End PBXGroup section */

/* Begin PBXNativeTarget section */
		2798AA302B3C481F001F6258 /* WatchHomeControl Watch App */ = {
			isa = PBXNativeTarget;
			buildConfigurationList = 2798AA5C2B3C4821001F6258 /* Build configuration list for PBXNativeTarget "WatchHomeControl Watch App" */;
			buildPhases = (
				2798AA2D2B3C481F001F6258 /* Sources */,
				2798AA2E2B3C481F001F6258 /* Frameworks */,
				2798AA2F2B3C481F001F6258 /* Resources */,
			);
			buildRules = (
			);
			dependencies = (
			);
			name = "WatchHomeControl Watch App";
			productName = "WatchHomeControl Watch App";
			productReference = 2798AA312B3C481F001F6258 /* HomeControlW.app */;
			productType = "com.apple.product-type.application";
		};
		2798AA3F2B3C4821001F6258 /* WatchHomeControl Watch AppTests */ = {
			isa = PBXNativeTarget;
			buildConfigurationList = 2798AA5D2B3C4821001F6258 /* Build configuration list for PBXNativeTarget "WatchHomeControl Watch AppTests" */;
			buildPhases = (
				2798AA3C2B3C4821001F6258 /* Sources */,
				2798AA3D2B3C4821001F6258 /* Frameworks */,
				2798AA3E2B3C4821001F6258 /* Resources */,
			);
			buildRules = (
			);
			dependencies = (
				2798AA422B3C4821001F6258 /* PBXTargetDependency */,
			);
			name = "WatchHomeControl Watch AppTests";
			productName = "WatchHomeControl Watch AppTests";
			productReference = 2798AA402B3C4821001F6258 /* WatchHomeControl Watch AppTests.xctest */;
			productType = "com.apple.product-type.bundle.unit-test";
		};
		2798AA492B3C4821001F6258 /* WatchHomeControl Watch AppUITests */ = {
			isa = PBXNativeTarget;
			buildConfigurationList = 2798AA5E2B3C4821001F6258 /* Build configuration list for PBXNativeTarget "WatchHomeControl Watch AppUITests" */;
			buildPhases = (
				2798AA462B3C4821001F6258 /* Sources */,
				2798AA472B3C4821001F6258 /* Frameworks */,
				2798AA482B3C4821001F6258 /* Resources */,
			);
			buildRules = (
			);
			dependencies = (
				2798AA4C2B3C4821001F6258 /* PBXTargetDependency */,
			);
			name = "WatchHomeControl Watch AppUITests";
			productName = "WatchHomeControl Watch AppUITests";
			productReference = 2798AA4A2B3C4821001F6258 /* WatchHomeControl Watch AppUITests.xctest */;
			productType = "com.apple.product-type.bundle.ui-testing";
		};
		27FF57132B4464EC00955FCD /* HomeControl */ = {
			isa = PBXNativeTarget;
			buildConfigurationList = 27FF571F2B4464EE00955FCD /* Build configuration list for PBXNativeTarget "HomeControl" */;
			buildPhases = (
				27FF57102B4464EC00955FCD /* Sources */,
				27FF57112B4464EC00955FCD /* Frameworks */,
				27FF57122B4464EC00955FCD /* Resources */,
				27D48A8F2B481E1F00572FA1 /* Embed Watch Content */,
			);
			buildRules = (
			);
			dependencies = (
				2738DBB62B4E9273008E4911 /* PBXTargetDependency */,
			);
			name = HomeControl;
			productName = HomeControl2;
			productReference = 27FF57142B4464EC00955FCD /* HomeControl.app */;
			productType = "com.apple.product-type.application";
		};
/* End PBXNativeTarget section */

/* Begin PBXProject section */
		27C8768C1EE8450A00CD4A3F /* Project object */ = {
			isa = PBXProject;
			attributes = {
				BuildIndependentTargetsInParallel = YES;
				LastSwiftUpdateCheck = 1510;
				LastUpgradeCheck = 1510;
				ORGANIZATIONNAME = "Joachim Kittelberger";
				TargetAttributes = {
					2798AA302B3C481F001F6258 = {
						CreatedOnToolsVersion = 15.1;
						DevelopmentTeam = FNGMABF4M4;
						ProvisioningStyle = Automatic;
					};
					2798AA3F2B3C4821001F6258 = {
						CreatedOnToolsVersion = 15.1;
						DevelopmentTeam = FNGMABF4M4;
						ProvisioningStyle = Automatic;
						TestTargetID = 2798AA302B3C481F001F6258;
					};
					2798AA492B3C4821001F6258 = {
						CreatedOnToolsVersion = 15.1;
						DevelopmentTeam = FNGMABF4M4;
						ProvisioningStyle = Automatic;
						TestTargetID = 2798AA302B3C481F001F6258;
					};
					27FF57132B4464EC00955FCD = {
						CreatedOnToolsVersion = 15.1;
						DevelopmentTeam = FNGMABF4M4;
						LastSwiftMigration = 1510;
						ProvisioningStyle = Automatic;
					};
				};
			};
			buildConfigurationList = 27C8768F1EE8450A00CD4A3F /* Build configuration list for PBXProject "HomeControl" */;
			compatibilityVersion = "Xcode 3.2";
			developmentRegion = en;
			hasScannedForEncodings = 0;
			knownRegions = (
				en,
				Base,
			);
			mainGroup = 27C8768B1EE8450A00CD4A3F;
			productRefGroup = 27C876951EE8450A00CD4A3F /* Products */;
			projectDirPath = "";
			projectRoot = "";
			targets = (
				2798AA302B3C481F001F6258 /* WatchHomeControl Watch App */,
				2798AA3F2B3C4821001F6258 /* WatchHomeControl Watch AppTests */,
				2798AA492B3C4821001F6258 /* WatchHomeControl Watch AppUITests */,
				27FF57132B4464EC00955FCD /* HomeControl */,
			);
		};
/* End PBXProject section */

/* Begin PBXResourcesBuildPhase section */
		2798AA2F2B3C481F001F6258 /* Resources */ = {
			isa = PBXResourcesBuildPhase;
			buildActionMask = 2147483647;
			files = (
				2798AA3B2B3C4821001F6258 /* Preview Assets.xcassets in Resources */,
				2798AA382B3C4821001F6258 /* Assets.xcassets in Resources */,
			);
			runOnlyForDeploymentPostprocessing = 0;
		};
		2798AA3E2B3C4821001F6258 /* Resources */ = {
			isa = PBXResourcesBuildPhase;
			buildActionMask = 2147483647;
			files = (
			);
			runOnlyForDeploymentPostprocessing = 0;
		};
		2798AA482B3C4821001F6258 /* Resources */ = {
			isa = PBXResourcesBuildPhase;
			buildActionMask = 2147483647;
			files = (
			);
			runOnlyForDeploymentPostprocessing = 0;
		};
		27FF57122B4464EC00955FCD /* Resources */ = {
			isa = PBXResourcesBuildPhase;
			buildActionMask = 2147483647;
			files = (
				27FF571E2B4464EE00955FCD /* Preview Assets.xcassets in Resources */,
				2738DBC02B52D745008E4911 /* LaunchScreen.storyboard in Resources */,
				27CE5D452B4D4B8E00DE5297 /* appDefaults.plist in Resources */,
				27FF571B2B4464EE00955FCD /* Assets.xcassets in Resources */,
			);
			runOnlyForDeploymentPostprocessing = 0;
		};
/* End PBXResourcesBuildPhase section */

/* Begin PBXSourcesBuildPhase section */
		2798AA2D2B3C481F001F6258 /* Sources */ = {
			isa = PBXSourcesBuildPhase;
			buildActionMask = 2147483647;
			files = (
				278999FF2B449C8D0099D60F /* PLCView.swift in Sources */,
				27D48A942B482BC200572FA1 /* Delivery.swift in Sources */,
				27D48A822B46E14100572FA1 /* PlcComMgr.swift in Sources */,
				278999FB2B449C150099D60F /* ContentView.swift in Sources */,
				27D48A852B46E25200572FA1 /* PlcDataAccessibleDelegate.swift in Sources */,
				27D48A872B46EA8F00572FA1 /* Jet32Watch.swift in Sources */,
				2738DBB82B50536F008E4911 /* OperatorOverloadBinding.swift in Sources */,
				278999FD2B449C3C0099D60F /* ShutterItem.swift in Sources */,
				27D48A802B45DB8600572FA1 /* View+onViewDidLoad.swift in Sources */,
				27D48A892B4746DE00572FA1 /* Jet32Delegate.swift in Sources */,
				2798AA342B3C481F001F6258 /* WatchHomeControlApp.swift in Sources */,
				278999FC2B449C370099D60F /* ShutterList.swift in Sources */,
				27D48A9A2B485D7500572FA1 /* HomeControlControllerTag.swift in Sources */,
				27CE5D472B4D4D9700DE5297 /* StatusView.swift in Sources */,
				27899A012B449D960099D60F /* ShutterListView.swift in Sources */,
				2738DBC32B52E52F008E4911 /* TestConnectivityView.swift in Sources */,
				27D48A912B48264100572FA1 /* Connectivity.swift in Sources */,
				27D48A842B46E21300572FA1 /* PlcDataAccessibleProtocol.swift in Sources */,
				27899A002B449D010099D60F /* ShutterDetailView.swift in Sources */,
				27D48A882B47464500572FA1 /* Jet32GlobalVariables.swift in Sources */,
			);
			runOnlyForDeploymentPostprocessing = 0;
		};
		2798AA3C2B3C4821001F6258 /* Sources */ = {
			isa = PBXSourcesBuildPhase;
			buildActionMask = 2147483647;
			files = (
				2798AA452B3C4821001F6258 /* WatchHomeControl_Watch_AppTests.swift in Sources */,
			);
			runOnlyForDeploymentPostprocessing = 0;
		};
		2798AA462B3C4821001F6258 /* Sources */ = {
			isa = PBXSourcesBuildPhase;
			buildActionMask = 2147483647;
			files = (
				2798AA4F2B3C4821001F6258 /* WatchHomeControl_Watch_AppUITests.swift in Sources */,
				2798AA512B3C4821001F6258 /* WatchHomeControl_Watch_AppUITestsLaunchTests.swift in Sources */,
			);
			runOnlyForDeploymentPostprocessing = 0;
		};
		27FF57102B4464EC00955FCD /* Sources */ = {
			isa = PBXSourcesBuildPhase;
			buildActionMask = 2147483647;
			files = (
				27FF57192B4464EC00955FCD /* ContentView.swift in Sources */,
				278999FA2B4468340099D60F /* SettingsView.swift in Sources */,
				27CE5D482B4D4D9700DE5297 /* StatusView.swift in Sources */,
				27D48A702B45BFCB00572FA1 /* Jet32+PlcDataAccessibleProtocol.swift in Sources */,
				27D48A722B45BFCB00572FA1 /* PlcDataAccessibleProtocol.swift in Sources */,
				27D48A712B45BFCB00572FA1 /* Jet32GlobalVariables.swift in Sources */,
				278999F62B4467470099D60F /* ShutterDetailView.swift in Sources */,
				278999F42B44668F0099D60F /* ShutterList.swift in Sources */,
				2738DBBB2B512BED008E4911 /* Jet32+GCDAsyncUdpSocketDelegate.swift in Sources */,
				27FF57232B4465FA00955FCD /* ShutterListView.swift in Sources */,
				27D48A6E2B45BFCB00572FA1 /* Jet32Delegate.swift in Sources */,
				27FF57252B44662400955FCD /* ShutterItem.swift in Sources */,
				27D48A732B45BFCB00572FA1 /* Jet32DataTelegram.swift in Sources */,
				27A115212B44BEA900DF9B9E /* GCDAsyncUdpSocket.m in Sources */,
				27D48A742B45BFCB00572FA1 /* PlcDataAccessEntry.swift in Sources */,
				27A115202B44BEA900DF9B9E /* GCDAsyncSocket.m in Sources */,
				27D48A832B46E14100572FA1 /* PlcComMgr.swift in Sources */,
				27D48A762B45C10E00572FA1 /* Jet32.swift in Sources */,
				27D48A6D2B45BFCB00572FA1 /* Data+hexEncodedString.swift in Sources */,
				27CE5D432B4D477E00DE5297 /* UserSettings.swift in Sources */,
				27D48A6F2B45BFCB00572FA1 /* PlcDataAccessibleDelegate.swift in Sources */,
				27D48A922B48264100572FA1 /* Connectivity.swift in Sources */,
				2738DBBD2B5141EC008E4911 /* Jet32SyncExample.swift in Sources */,
				278999F82B4468300099D60F /* PLCView.swift in Sources */,
				27CE5D4B2B4D63ED00DE5297 /* View+hideKeyboard.swift in Sources */,
				27D48A7F2B45DB8100572FA1 /* View+onViewDidLoad.swift in Sources */,
				27FF57172B4464EC00955FCD /* HomeControl2App.swift in Sources */,
				2738DBB92B50536F008E4911 /* OperatorOverloadBinding.swift in Sources */,
				27D48A952B482BC200572FA1 /* Delivery.swift in Sources */,
				27D48A9B2B485D7500572FA1 /* HomeControlControllerTag.swift in Sources */,
			);
			runOnlyForDeploymentPostprocessing = 0;
		};
/* End PBXSourcesBuildPhase section */

/* Begin PBXTargetDependency section */
		2738DBB62B4E9273008E4911 /* PBXTargetDependency */ = {
			isa = PBXTargetDependency;
			target = 2798AA302B3C481F001F6258 /* WatchHomeControl Watch App */;
			targetProxy = 2738DBB52B4E9273008E4911 /* PBXContainerItemProxy */;
		};
		2798AA422B3C4821001F6258 /* PBXTargetDependency */ = {
			isa = PBXTargetDependency;
			target = 2798AA302B3C481F001F6258 /* WatchHomeControl Watch App */;
			targetProxy = 2798AA412B3C4821001F6258 /* PBXContainerItemProxy */;
		};
		2798AA4C2B3C4821001F6258 /* PBXTargetDependency */ = {
			isa = PBXTargetDependency;
			target = 2798AA302B3C481F001F6258 /* WatchHomeControl Watch App */;
			targetProxy = 2798AA4B2B3C4821001F6258 /* PBXContainerItemProxy */;
		};
/* End PBXTargetDependency section */

/* Begin XCBuildConfiguration section */
		2798AA562B3C4821001F6258 /* Debug */ = {
			isa = XCBuildConfiguration;
			buildSettings = {
				ASSETCATALOG_COMPILER_APPICON_NAME = AppIcon;
				ASSETCATALOG_COMPILER_GENERATE_SWIFT_ASSET_SYMBOL_EXTENSIONS = YES;
				ASSETCATALOG_COMPILER_GLOBAL_ACCENT_COLOR_NAME = AccentColor;
				ASSETCATALOG_COMPILER_INCLUDE_ALL_APPICON_ASSETS = NO;
				CLANG_CXX_LANGUAGE_STANDARD = "gnu++20";
				CLANG_ENABLE_OBJC_WEAK = YES;
				CLANG_WARN_UNGUARDED_AVAILABILITY = YES_AGGRESSIVE;
				CODE_SIGN_STYLE = Automatic;
				CURRENT_PROJECT_VERSION = 1;
				DEVELOPMENT_ASSET_PATHS = "\"WatchHomeControl Watch App/Preview Content\"";
				DEVELOPMENT_TEAM = FNGMABF4M4;
				ENABLE_PREVIEWS = YES;
				ENABLE_USER_SCRIPT_SANDBOXING = YES;
				GCC_C_LANGUAGE_STANDARD = gnu17;
				GENERATE_INFOPLIST_FILE = YES;
				INFOPLIST_KEY_UISupportedInterfaceOrientations = "UIInterfaceOrientationPortrait UIInterfaceOrientationPortraitUpsideDown";
				INFOPLIST_KEY_WKCompanionAppBundleIdentifier = de.Jetter.HomeControl;
				INFOPLIST_KEY_WKRunsIndependentlyOfCompanionApp = YES;
				LD_RUNPATH_SEARCH_PATHS = (
					"$(inherited)",
					"@executable_path/Frameworks",
				);
				LOCALIZATION_PREFERS_STRING_CATALOGS = YES;
				MARKETING_VERSION = 1.0;
				MTL_ENABLE_DEBUG_INFO = INCLUDE_SOURCE;
				MTL_FAST_MATH = YES;
				PRODUCT_BUNDLE_IDENTIFIER = de.Jetter.HomeControl.watchkitapp;
				PRODUCT_NAME = HomeControlW;
				SDKROOT = watchos;
				SKIP_INSTALL = YES;
				SWIFT_ACTIVE_COMPILATION_CONDITIONS = "DEBUG $(inherited)";
				SWIFT_EMIT_LOC_STRINGS = YES;
				SWIFT_VERSION = 5.0;
				TARGETED_DEVICE_FAMILY = 4;
				WATCHOS_DEPLOYMENT_TARGET = 10.2;
			};
			name = Debug;
		};
		2798AA572B3C4821001F6258 /* Release */ = {
			isa = XCBuildConfiguration;
			buildSettings = {
				ASSETCATALOG_COMPILER_APPICON_NAME = AppIcon;
				ASSETCATALOG_COMPILER_GENERATE_SWIFT_ASSET_SYMBOL_EXTENSIONS = YES;
				ASSETCATALOG_COMPILER_GLOBAL_ACCENT_COLOR_NAME = AccentColor;
				ASSETCATALOG_COMPILER_INCLUDE_ALL_APPICON_ASSETS = NO;
				CLANG_CXX_LANGUAGE_STANDARD = "gnu++20";
				CLANG_ENABLE_OBJC_WEAK = YES;
				CLANG_WARN_UNGUARDED_AVAILABILITY = YES_AGGRESSIVE;
				CODE_SIGN_STYLE = Automatic;
				CURRENT_PROJECT_VERSION = 1;
				DEVELOPMENT_ASSET_PATHS = "\"WatchHomeControl Watch App/Preview Content\"";
				DEVELOPMENT_TEAM = FNGMABF4M4;
				ENABLE_PREVIEWS = YES;
				ENABLE_USER_SCRIPT_SANDBOXING = YES;
				GCC_C_LANGUAGE_STANDARD = gnu17;
				GENERATE_INFOPLIST_FILE = YES;
				INFOPLIST_KEY_UISupportedInterfaceOrientations = "UIInterfaceOrientationPortrait UIInterfaceOrientationPortraitUpsideDown";
				INFOPLIST_KEY_WKCompanionAppBundleIdentifier = de.Jetter.HomeControl;
				INFOPLIST_KEY_WKRunsIndependentlyOfCompanionApp = YES;
				LD_RUNPATH_SEARCH_PATHS = (
					"$(inherited)",
					"@executable_path/Frameworks",
				);
				LOCALIZATION_PREFERS_STRING_CATALOGS = YES;
				MARKETING_VERSION = 1.0;
				MTL_FAST_MATH = YES;
				PRODUCT_BUNDLE_IDENTIFIER = de.Jetter.HomeControl.watchkitapp;
				PRODUCT_NAME = HomeControlW;
				SDKROOT = watchos;
				SKIP_INSTALL = YES;
				SWIFT_EMIT_LOC_STRINGS = YES;
				SWIFT_VERSION = 5.0;
				TARGETED_DEVICE_FAMILY = 4;
				WATCHOS_DEPLOYMENT_TARGET = 10.2;
			};
			name = Release;
		};
		2798AA582B3C4821001F6258 /* Debug */ = {
			isa = XCBuildConfiguration;
			buildSettings = {
				ALWAYS_EMBED_SWIFT_STANDARD_LIBRARIES = YES;
				ASSETCATALOG_COMPILER_GENERATE_SWIFT_ASSET_SYMBOL_EXTENSIONS = YES;
				BUNDLE_LOADER = "$(TEST_HOST)";
				CLANG_CXX_LANGUAGE_STANDARD = "gnu++20";
				CLANG_ENABLE_OBJC_WEAK = YES;
				CLANG_WARN_UNGUARDED_AVAILABILITY = YES_AGGRESSIVE;
				CODE_SIGN_STYLE = Automatic;
				CURRENT_PROJECT_VERSION = 1;
				DEVELOPMENT_TEAM = FNGMABF4M4;
				ENABLE_USER_SCRIPT_SANDBOXING = YES;
				GCC_C_LANGUAGE_STANDARD = gnu17;
				GENERATE_INFOPLIST_FILE = YES;
				LOCALIZATION_PREFERS_STRING_CATALOGS = YES;
				MARKETING_VERSION = 1.0;
				MTL_ENABLE_DEBUG_INFO = INCLUDE_SOURCE;
				MTL_FAST_MATH = YES;
				PRODUCT_BUNDLE_IDENTIFIER = "de.Jetter.WatchHomeControl.WatchHomeControl-Watch-AppTests";
				PRODUCT_NAME = "$(TARGET_NAME)";
				SDKROOT = watchos;
				SWIFT_ACTIVE_COMPILATION_CONDITIONS = "DEBUG $(inherited)";
				SWIFT_EMIT_LOC_STRINGS = NO;
				SWIFT_VERSION = 5.0;
				TARGETED_DEVICE_FAMILY = 4;
				TEST_HOST = "$(BUILT_PRODUCTS_DIR)/WatchHomeControl Watch App.app/$(BUNDLE_EXECUTABLE_FOLDER_PATH)/WatchHomeControl Watch App";
				WATCHOS_DEPLOYMENT_TARGET = 10.2;
			};
			name = Debug;
		};
		2798AA592B3C4821001F6258 /* Release */ = {
			isa = XCBuildConfiguration;
			buildSettings = {
				ALWAYS_EMBED_SWIFT_STANDARD_LIBRARIES = YES;
				ASSETCATALOG_COMPILER_GENERATE_SWIFT_ASSET_SYMBOL_EXTENSIONS = YES;
				BUNDLE_LOADER = "$(TEST_HOST)";
				CLANG_CXX_LANGUAGE_STANDARD = "gnu++20";
				CLANG_ENABLE_OBJC_WEAK = YES;
				CLANG_WARN_UNGUARDED_AVAILABILITY = YES_AGGRESSIVE;
				CODE_SIGN_STYLE = Automatic;
				CURRENT_PROJECT_VERSION = 1;
				DEVELOPMENT_TEAM = FNGMABF4M4;
				ENABLE_USER_SCRIPT_SANDBOXING = YES;
				GCC_C_LANGUAGE_STANDARD = gnu17;
				GENERATE_INFOPLIST_FILE = YES;
				LOCALIZATION_PREFERS_STRING_CATALOGS = YES;
				MARKETING_VERSION = 1.0;
				MTL_FAST_MATH = YES;
				PRODUCT_BUNDLE_IDENTIFIER = "de.Jetter.WatchHomeControl.WatchHomeControl-Watch-AppTests";
				PRODUCT_NAME = "$(TARGET_NAME)";
				SDKROOT = watchos;
				SWIFT_EMIT_LOC_STRINGS = NO;
				SWIFT_VERSION = 5.0;
				TARGETED_DEVICE_FAMILY = 4;
				TEST_HOST = "$(BUILT_PRODUCTS_DIR)/WatchHomeControl Watch App.app/$(BUNDLE_EXECUTABLE_FOLDER_PATH)/WatchHomeControl Watch App";
				WATCHOS_DEPLOYMENT_TARGET = 10.2;
			};
			name = Release;
		};
		2798AA5A2B3C4821001F6258 /* Debug */ = {
			isa = XCBuildConfiguration;
			buildSettings = {
				ALWAYS_EMBED_SWIFT_STANDARD_LIBRARIES = YES;
				ASSETCATALOG_COMPILER_GENERATE_SWIFT_ASSET_SYMBOL_EXTENSIONS = YES;
				CLANG_CXX_LANGUAGE_STANDARD = "gnu++20";
				CLANG_ENABLE_OBJC_WEAK = YES;
				CLANG_WARN_UNGUARDED_AVAILABILITY = YES_AGGRESSIVE;
				CODE_SIGN_STYLE = Automatic;
				CURRENT_PROJECT_VERSION = 1;
				DEVELOPMENT_TEAM = FNGMABF4M4;
				ENABLE_USER_SCRIPT_SANDBOXING = YES;
				GCC_C_LANGUAGE_STANDARD = gnu17;
				GENERATE_INFOPLIST_FILE = YES;
				LOCALIZATION_PREFERS_STRING_CATALOGS = YES;
				MARKETING_VERSION = 1.0;
				MTL_ENABLE_DEBUG_INFO = INCLUDE_SOURCE;
				MTL_FAST_MATH = YES;
				PRODUCT_BUNDLE_IDENTIFIER = "de.Jetter.WatchHomeControl.WatchHomeControl-Watch-AppUITests";
				PRODUCT_NAME = "$(TARGET_NAME)";
				SDKROOT = watchos;
				SWIFT_ACTIVE_COMPILATION_CONDITIONS = "DEBUG $(inherited)";
				SWIFT_EMIT_LOC_STRINGS = NO;
				SWIFT_VERSION = 5.0;
				TARGETED_DEVICE_FAMILY = 4;
				TEST_TARGET_NAME = "WatchHomeControl Watch App";
				WATCHOS_DEPLOYMENT_TARGET = 10.2;
			};
			name = Debug;
		};
		2798AA5B2B3C4821001F6258 /* Release */ = {
			isa = XCBuildConfiguration;
			buildSettings = {
				ALWAYS_EMBED_SWIFT_STANDARD_LIBRARIES = YES;
				ASSETCATALOG_COMPILER_GENERATE_SWIFT_ASSET_SYMBOL_EXTENSIONS = YES;
				CLANG_CXX_LANGUAGE_STANDARD = "gnu++20";
				CLANG_ENABLE_OBJC_WEAK = YES;
				CLANG_WARN_UNGUARDED_AVAILABILITY = YES_AGGRESSIVE;
				CODE_SIGN_STYLE = Automatic;
				CURRENT_PROJECT_VERSION = 1;
				DEVELOPMENT_TEAM = FNGMABF4M4;
				ENABLE_USER_SCRIPT_SANDBOXING = YES;
				GCC_C_LANGUAGE_STANDARD = gnu17;
				GENERATE_INFOPLIST_FILE = YES;
				LOCALIZATION_PREFERS_STRING_CATALOGS = YES;
				MARKETING_VERSION = 1.0;
				MTL_FAST_MATH = YES;
				PRODUCT_BUNDLE_IDENTIFIER = "de.Jetter.WatchHomeControl.WatchHomeControl-Watch-AppUITests";
				PRODUCT_NAME = "$(TARGET_NAME)";
				SDKROOT = watchos;
				SWIFT_EMIT_LOC_STRINGS = NO;
				SWIFT_VERSION = 5.0;
				TARGETED_DEVICE_FAMILY = 4;
				TEST_TARGET_NAME = "WatchHomeControl Watch App";
				WATCHOS_DEPLOYMENT_TARGET = 10.2;
			};
			name = Release;
		};
		27C876A41EE8450A00CD4A3F /* Debug */ = {
			isa = XCBuildConfiguration;
			buildSettings = {
				ALWAYS_SEARCH_USER_PATHS = NO;
				ASSETCATALOG_COMPILER_GENERATE_SWIFT_ASSET_SYMBOL_EXTENSIONS = YES;
				CLANG_ANALYZER_LOCALIZABILITY_NONLOCALIZED = YES;
				CLANG_ANALYZER_NONNULL = YES;
				CLANG_ANALYZER_NUMBER_OBJECT_CONVERSION = YES_AGGRESSIVE;
				CLANG_CXX_LANGUAGE_STANDARD = "gnu++0x";
				CLANG_CXX_LIBRARY = "libc++";
				CLANG_ENABLE_MODULES = YES;
				CLANG_ENABLE_OBJC_ARC = YES;
				CLANG_WARN_BLOCK_CAPTURE_AUTORELEASING = YES;
				CLANG_WARN_BOOL_CONVERSION = YES;
				CLANG_WARN_COMMA = YES;
				CLANG_WARN_CONSTANT_CONVERSION = YES;
				CLANG_WARN_DEPRECATED_OBJC_IMPLEMENTATIONS = YES;
				CLANG_WARN_DIRECT_OBJC_ISA_USAGE = YES_ERROR;
				CLANG_WARN_DOCUMENTATION_COMMENTS = YES;
				CLANG_WARN_EMPTY_BODY = YES;
				CLANG_WARN_ENUM_CONVERSION = YES;
				CLANG_WARN_INFINITE_RECURSION = YES;
				CLANG_WARN_INT_CONVERSION = YES;
				CLANG_WARN_NON_LITERAL_NULL_CONVERSION = YES;
				CLANG_WARN_OBJC_IMPLICIT_RETAIN_SELF = YES;
				CLANG_WARN_OBJC_LITERAL_CONVERSION = YES;
				CLANG_WARN_OBJC_ROOT_CLASS = YES_ERROR;
				CLANG_WARN_QUOTED_INCLUDE_IN_FRAMEWORK_HEADER = YES;
				CLANG_WARN_RANGE_LOOP_ANALYSIS = YES;
				CLANG_WARN_STRICT_PROTOTYPES = YES;
				CLANG_WARN_SUSPICIOUS_MOVE = YES;
				CLANG_WARN_UNREACHABLE_CODE = YES;
				CLANG_WARN__DUPLICATE_METHOD_MATCH = YES;
				"CODE_SIGN_IDENTITY[sdk=iphoneos*]" = "iPhone Developer";
				COPY_PHASE_STRIP = NO;
				DEBUG_INFORMATION_FORMAT = dwarf;
				ENABLE_STRICT_OBJC_MSGSEND = YES;
				ENABLE_TESTABILITY = YES;
				GCC_C_LANGUAGE_STANDARD = gnu99;
				GCC_DYNAMIC_NO_PIC = NO;
				GCC_NO_COMMON_BLOCKS = YES;
				GCC_OPTIMIZATION_LEVEL = 0;
				GCC_PREPROCESSOR_DEFINITIONS = (
					"DEBUG=1",
					"$(inherited)",
				);
				GCC_WARN_64_TO_32_BIT_CONVERSION = YES;
				GCC_WARN_ABOUT_RETURN_TYPE = YES_ERROR;
				GCC_WARN_UNDECLARED_SELECTOR = YES;
				GCC_WARN_UNINITIALIZED_AUTOS = YES_AGGRESSIVE;
				GCC_WARN_UNUSED_FUNCTION = YES;
				GCC_WARN_UNUSED_VARIABLE = YES;
				IPHONEOS_DEPLOYMENT_TARGET = 14.5;
				MTL_ENABLE_DEBUG_INFO = YES;
				ONLY_ACTIVE_ARCH = YES;
				SDKROOT = iphoneos;
				SWIFT_ACTIVE_COMPILATION_CONDITIONS = DEBUG;
				SWIFT_OPTIMIZATION_LEVEL = "-Onone";
				TARGETED_DEVICE_FAMILY = "1,2";
				WATCHOS_DEPLOYMENT_TARGET = 10.2;
			};
			name = Debug;
		};
		27C876A51EE8450A00CD4A3F /* Release */ = {
			isa = XCBuildConfiguration;
			buildSettings = {
				ALWAYS_SEARCH_USER_PATHS = NO;
				ASSETCATALOG_COMPILER_GENERATE_SWIFT_ASSET_SYMBOL_EXTENSIONS = YES;
				CLANG_ANALYZER_LOCALIZABILITY_NONLOCALIZED = YES;
				CLANG_ANALYZER_NONNULL = YES;
				CLANG_ANALYZER_NUMBER_OBJECT_CONVERSION = YES_AGGRESSIVE;
				CLANG_CXX_LANGUAGE_STANDARD = "gnu++0x";
				CLANG_CXX_LIBRARY = "libc++";
				CLANG_ENABLE_MODULES = YES;
				CLANG_ENABLE_OBJC_ARC = YES;
				CLANG_WARN_BLOCK_CAPTURE_AUTORELEASING = YES;
				CLANG_WARN_BOOL_CONVERSION = YES;
				CLANG_WARN_COMMA = YES;
				CLANG_WARN_CONSTANT_CONVERSION = YES;
				CLANG_WARN_DEPRECATED_OBJC_IMPLEMENTATIONS = YES;
				CLANG_WARN_DIRECT_OBJC_ISA_USAGE = YES_ERROR;
				CLANG_WARN_DOCUMENTATION_COMMENTS = YES;
				CLANG_WARN_EMPTY_BODY = YES;
				CLANG_WARN_ENUM_CONVERSION = YES;
				CLANG_WARN_INFINITE_RECURSION = YES;
				CLANG_WARN_INT_CONVERSION = YES;
				CLANG_WARN_NON_LITERAL_NULL_CONVERSION = YES;
				CLANG_WARN_OBJC_IMPLICIT_RETAIN_SELF = YES;
				CLANG_WARN_OBJC_LITERAL_CONVERSION = YES;
				CLANG_WARN_OBJC_ROOT_CLASS = YES_ERROR;
				CLANG_WARN_QUOTED_INCLUDE_IN_FRAMEWORK_HEADER = YES;
				CLANG_WARN_RANGE_LOOP_ANALYSIS = YES;
				CLANG_WARN_STRICT_PROTOTYPES = YES;
				CLANG_WARN_SUSPICIOUS_MOVE = YES;
				CLANG_WARN_UNREACHABLE_CODE = YES;
				CLANG_WARN__DUPLICATE_METHOD_MATCH = YES;
				"CODE_SIGN_IDENTITY[sdk=iphoneos*]" = "iPhone Developer";
				COPY_PHASE_STRIP = NO;
				DEBUG_INFORMATION_FORMAT = "dwarf-with-dsym";
				ENABLE_NS_ASSERTIONS = NO;
				ENABLE_STRICT_OBJC_MSGSEND = YES;
				GCC_C_LANGUAGE_STANDARD = gnu99;
				GCC_NO_COMMON_BLOCKS = YES;
				GCC_WARN_64_TO_32_BIT_CONVERSION = YES;
				GCC_WARN_ABOUT_RETURN_TYPE = YES_ERROR;
				GCC_WARN_UNDECLARED_SELECTOR = YES;
				GCC_WARN_UNINITIALIZED_AUTOS = YES_AGGRESSIVE;
				GCC_WARN_UNUSED_FUNCTION = YES;
				GCC_WARN_UNUSED_VARIABLE = YES;
				IPHONEOS_DEPLOYMENT_TARGET = 14.5;
				MTL_ENABLE_DEBUG_INFO = NO;
				SDKROOT = iphoneos;
				SWIFT_COMPILATION_MODE = wholemodule;
				SWIFT_OPTIMIZATION_LEVEL = "-O";
				TARGETED_DEVICE_FAMILY = "1,2";
				VALIDATE_PRODUCT = YES;
				WATCHOS_DEPLOYMENT_TARGET = 10.2;
			};
			name = Release;
		};
		27FF57202B4464EE00955FCD /* Debug */ = {
			isa = XCBuildConfiguration;
			buildSettings = {
				ASSETCATALOG_COMPILER_APPICON_NAME = AppIcon;
				ASSETCATALOG_COMPILER_GENERATE_SWIFT_ASSET_SYMBOL_EXTENSIONS = YES;
				ASSETCATALOG_COMPILER_GLOBAL_ACCENT_COLOR_NAME = AccentColor;
				ASSETCATALOG_COMPILER_INCLUDE_ALL_APPICON_ASSETS = NO;
				CLANG_CXX_LANGUAGE_STANDARD = "gnu++20";
				CLANG_ENABLE_MODULES = YES;
				CLANG_ENABLE_OBJC_WEAK = YES;
				CLANG_WARN_UNGUARDED_AVAILABILITY = YES_AGGRESSIVE;
				CODE_SIGN_STYLE = Automatic;
				CURRENT_PROJECT_VERSION = 1;
				DEVELOPMENT_ASSET_PATHS = "\"HomeControl/Preview Content\"";
				DEVELOPMENT_TEAM = FNGMABF4M4;
				ENABLE_PREVIEWS = YES;
				ENABLE_USER_SCRIPT_SANDBOXING = YES;
				GCC_C_LANGUAGE_STANDARD = gnu17;
				GENERATE_INFOPLIST_FILE = YES;
				INFOPLIST_KEY_CFBundleDisplayName = HomeControl;
				INFOPLIST_KEY_UIApplicationSceneManifest_Generation = YES;
				INFOPLIST_KEY_UIApplicationSupportsIndirectInputEvents = YES;
				INFOPLIST_KEY_UILaunchScreen_Generation = YES;
				INFOPLIST_KEY_UILaunchStoryboardName = LaunchScreen.storyboard;
				INFOPLIST_KEY_UISupportedInterfaceOrientations_iPad = "UIInterfaceOrientationPortrait UIInterfaceOrientationPortraitUpsideDown UIInterfaceOrientationLandscapeLeft UIInterfaceOrientationLandscapeRight";
				INFOPLIST_KEY_UISupportedInterfaceOrientations_iPhone = "UIInterfaceOrientationPortrait UIInterfaceOrientationLandscapeLeft UIInterfaceOrientationLandscapeRight";
				IPHONEOS_DEPLOYMENT_TARGET = 17.0;
				LD_RUNPATH_SEARCH_PATHS = (
					"$(inherited)",
					"@executable_path/Frameworks",
				);
				LOCALIZATION_PREFERS_STRING_CATALOGS = YES;
				MARKETING_VERSION = 1.0;
				MTL_ENABLE_DEBUG_INFO = INCLUDE_SOURCE;
				MTL_FAST_MATH = YES;
				PRODUCT_BUNDLE_IDENTIFIER = de.Jetter.HomeControl;
				PRODUCT_NAME = "$(TARGET_NAME)";
				SWIFT_ACTIVE_COMPILATION_CONDITIONS = "DEBUG $(inherited)";
				SWIFT_EMIT_LOC_STRINGS = YES;
				SWIFT_OBJC_BRIDGING_HEADER = "HomeControl/Socket/HomeControl-Bridging-Header.h";
				SWIFT_OPTIMIZATION_LEVEL = "-Onone";
				SWIFT_VERSION = 5.0;
				TARGETED_DEVICE_FAMILY = "1,2";
			};
			name = Debug;
		};
		27FF57212B4464EE00955FCD /* Release */ = {
			isa = XCBuildConfiguration;
			buildSettings = {
				ASSETCATALOG_COMPILER_APPICON_NAME = AppIcon;
				ASSETCATALOG_COMPILER_GENERATE_SWIFT_ASSET_SYMBOL_EXTENSIONS = YES;
				ASSETCATALOG_COMPILER_GLOBAL_ACCENT_COLOR_NAME = AccentColor;
				ASSETCATALOG_COMPILER_INCLUDE_ALL_APPICON_ASSETS = NO;
				CLANG_CXX_LANGUAGE_STANDARD = "gnu++20";
				CLANG_ENABLE_MODULES = YES;
				CLANG_ENABLE_OBJC_WEAK = YES;
				CLANG_WARN_UNGUARDED_AVAILABILITY = YES_AGGRESSIVE;
				CODE_SIGN_STYLE = Automatic;
				CURRENT_PROJECT_VERSION = 1;
				DEVELOPMENT_ASSET_PATHS = "\"HomeControl/Preview Content\"";
				DEVELOPMENT_TEAM = FNGMABF4M4;
				ENABLE_PREVIEWS = YES;
				ENABLE_USER_SCRIPT_SANDBOXING = YES;
				GCC_C_LANGUAGE_STANDARD = gnu17;
				GENERATE_INFOPLIST_FILE = YES;
				INFOPLIST_KEY_CFBundleDisplayName = HomeControl;
				INFOPLIST_KEY_UIApplicationSceneManifest_Generation = YES;
				INFOPLIST_KEY_UIApplicationSupportsIndirectInputEvents = YES;
				INFOPLIST_KEY_UILaunchScreen_Generation = YES;
				INFOPLIST_KEY_UILaunchStoryboardName = LaunchScreen.storyboard;
				INFOPLIST_KEY_UISupportedInterfaceOrientations_iPad = "UIInterfaceOrientationPortrait UIInterfaceOrientationPortraitUpsideDown UIInterfaceOrientationLandscapeLeft UIInterfaceOrientationLandscapeRight";
				INFOPLIST_KEY_UISupportedInterfaceOrientations_iPhone = "UIInterfaceOrientationPortrait UIInterfaceOrientationLandscapeLeft UIInterfaceOrientationLandscapeRight";
				IPHONEOS_DEPLOYMENT_TARGET = 17.0;
				LD_RUNPATH_SEARCH_PATHS = (
					"$(inherited)",
					"@executable_path/Frameworks",
				);
				LOCALIZATION_PREFERS_STRING_CATALOGS = YES;
				MARKETING_VERSION = 1.0;
				MTL_FAST_MATH = YES;
				PRODUCT_BUNDLE_IDENTIFIER = de.Jetter.HomeControl;
				PRODUCT_NAME = "$(TARGET_NAME)";
				SWIFT_EMIT_LOC_STRINGS = YES;
				SWIFT_OBJC_BRIDGING_HEADER = "HomeControl/Socket/HomeControl-Bridging-Header.h";
				SWIFT_VERSION = 5.0;
				TARGETED_DEVICE_FAMILY = "1,2";
			};
			name = Release;
		};
/* End XCBuildConfiguration section */

/* Begin XCConfigurationList section */
		2798AA5C2B3C4821001F6258 /* Build configuration list for PBXNativeTarget "WatchHomeControl Watch App" */ = {
			isa = XCConfigurationList;
			buildConfigurations = (
				2798AA562B3C4821001F6258 /* Debug */,
				2798AA572B3C4821001F6258 /* Release */,
			);
			defaultConfigurationIsVisible = 0;
			defaultConfigurationName = Release;
		};
		2798AA5D2B3C4821001F6258 /* Build configuration list for PBXNativeTarget "WatchHomeControl Watch AppTests" */ = {
			isa = XCConfigurationList;
			buildConfigurations = (
				2798AA582B3C4821001F6258 /* Debug */,
				2798AA592B3C4821001F6258 /* Release */,
			);
			defaultConfigurationIsVisible = 0;
			defaultConfigurationName = Release;
		};
		2798AA5E2B3C4821001F6258 /* Build configuration list for PBXNativeTarget "WatchHomeControl Watch AppUITests" */ = {
			isa = XCConfigurationList;
			buildConfigurations = (
				2798AA5A2B3C4821001F6258 /* Debug */,
				2798AA5B2B3C4821001F6258 /* Release */,
			);
			defaultConfigurationIsVisible = 0;
			defaultConfigurationName = Release;
		};
		27C8768F1EE8450A00CD4A3F /* Build configuration list for PBXProject "HomeControl" */ = {
			isa = XCConfigurationList;
			buildConfigurations = (
				27C876A41EE8450A00CD4A3F /* Debug */,
				27C876A51EE8450A00CD4A3F /* Release */,
			);
			defaultConfigurationIsVisible = 0;
			defaultConfigurationName = Release;
		};
		27FF571F2B4464EE00955FCD /* Build configuration list for PBXNativeTarget "HomeControl" */ = {
			isa = XCConfigurationList;
			buildConfigurations = (
				27FF57202B4464EE00955FCD /* Debug */,
				27FF57212B4464EE00955FCD /* Release */,
			);
			defaultConfigurationIsVisible = 0;
			defaultConfigurationName = Release;
		};
/* End XCConfigurationList section */
	};
	rootObject = 27C8768C1EE8450A00CD4A3F /* Project object */;
}
